
Microsoft Visual Studio Solution File, Format Version 12.00
# Visual Studio Version 17
VisualStudioVersion = 17.3.32819.101
MinimumVisualStudioVersion = 10.0.40219.1
Project("{9A19103F-16F7-4668-BE54-9A1E7A4F7556}") = "LegendofZelda", "LegendofZelda.csproj", "{90577EBE-EF65-4A5C-875A-C8D238B4602B}"
EndProject
Global
	GlobalSection(SolutionConfigurationPlatforms) = preSolution
		Debug|Any CPU = Debug|Any CPU
		Release|Any CPU = Release|Any CPU
	EndGlobalSection
	GlobalSection(ProjectConfigurationPlatforms) = postSolution
		{90577EBE-EF65-4A5C-875A-C8D238B4602B}.Debug|Any CPU.ActiveCfg = Debug|Any CPU
		{90577EBE-EF65-4A5C-875A-C8D238B4602B}.Debug|Any CPU.Build.0 = Debug|Any CPU
		{90577EBE-EF65-4A5C-875A-C8D238B4602B}.Release|Any CPU.ActiveCfg = Release|Any CPU
		{90577EBE-EF65-4A5C-875A-C8D238B4602B}.Release|Any CPU.Build.0 = Release|Any CPU
	EndGlobalSection
	GlobalSection(SolutionProperties) = preSolution
		HideSolutionNode = FALSE
	EndGlobalSection
	GlobalSection(ExtensibilityGlobals) = postSolution
		SolutionGuid = {30E2DD20-0EDB-40BB-AFE6-557A9FB5B48E}
	EndGlobalSection
EndGlobal
